// !$*UTF8*$!
{
	archiveVersion = 1;
	classes = {
	};
	objectVersion = 77;
	objects = {

/* Begin PBXBuildFile section */
		0DC9F1D0615DCC29AAFDA479 /* ClaudeCodeAvailability.swift in Sources */ = {isa = PBXBuildFile; fileRef = 21C4408F8BA234F15C7709DE /* ClaudeCodeAvailability.swift */; };
		1469F41B1496F30B4B708EB1 /* HookModels.swift in Sources */ = {isa = PBXBuildFile; fileRef = 32008F7B35E7946ACD461B43 /* HookModels.swift */; };
		16910DCDF23C4D0B37308E0F /* Assets.xcassets in Resources */ = {isa = PBXBuildFile; fileRef = F83020535917ED3CD4C35874 /* Assets.xcassets */; };
		1F5CB0110DB520925CBD6CAE /* row04_working_laptop.gif in Resources */ = {isa = PBXBuildFile; fileRef = 64D29260A65C99A06B79D9EF /* row04_working_laptop.gif */; };
		2372A6BD8883A2AB5273DC3D /* HookServer.swift in Sources */ = {isa = PBXBuildFile; fileRef = F00DFE8DF50364DE0240C86F /* HookServer.swift */; };
		2C91FA4B3550C3F78A292FB3 /* HookInstaller.swift in Sources */ = {isa = PBXBuildFile; fileRef = 4AC7C70FFBDE21B13A538FE6 /* HookInstaller.swift */; };
		2CAB282A633F8B582CC24492 /* AnimatedSpriteView.swift in Sources */ = {isa = PBXBuildFile; fileRef = 858DA8F5C11CE0227206055E /* AnimatedSpriteView.swift */; };
		36B3296733EAFE8F5A0933A9 /* row06_confused.gif in Resources */ = {isa = PBXBuildFile; fileRef = 4D1CD144D41D371A0252D3E8 /* row06_confused.gif */; };
		37D6B34FC82BA53F0FB275EF /* SessionStackView.swift in Sources */ = {isa = PBXBuildFile; fileRef = 203F06FCF428FFDCF7BA43F5 /* SessionStackView.swift */; };
		3DAAA6B3ADB73BD114AC22A9 /* UsageBadgeView.swift in Sources */ = {isa = PBXBuildFile; fileRef = 7E05EFDC4F0AA4E05A0B2EAD /* UsageBadgeView.swift */; };
		44FF783EA8DF34F30132ADA9 /* row02_excited.gif in Resources */ = {isa = PBXBuildFile; fileRef = FEBC9D848881BAAD98BBADE0 /* row02_excited.gif */; };
		58196C45A95107617A11A251 /* row08_upset.gif in Resources */ = {isa = PBXBuildFile; fileRef = D820094C6D3161FB739F8AA1 /* row08_upset.gif */; };
		69EA1544436FDDD492C59D61 /* row03_thinking.gif in Resources */ = {isa = PBXBuildFile; fileRef = C8D162AD016C6CF991997B8C /* row03_thinking.gif */; };
		7108E4C34372617FD341352C /* row05_waving.gif in Resources */ = {isa = PBXBuildFile; fileRef = 164AB034348168F4D3506854 /* row05_waving.gif */; };
		86ED6FA16EBF7BA43E8310B4 /* row09_celebrate.gif in Resources */ = {isa = PBXBuildFile; fileRef = 1A1856172CA59DCF33645C4E /* row09_celebrate.gif */; };
		878D45CB1BEE5C47BFF217E7 /* SettingsStore.swift in Sources */ = {isa = PBXBuildFile; fileRef = 78DE56CC509FC11874D00027 /* SettingsStore.swift */; };
		8B07B8FC48E4B89B08D3BDAE /* SpriteLibrary.swift in Sources */ = {isa = PBXBuildFile; fileRef = BB2C111BEDAB542565E5AD27 /* SpriteLibrary.swift */; };
		96BD0AFAE5CFE22F2FC52C10 /* SpriteImporter.swift in Sources */ = {isa = PBXBuildFile; fileRef = B12CA287C7CACA340ABD108C /* SpriteImporter.swift */; };
		989A1136B8EFC4D73E79D66B /* row01_idle.gif in Resources */ = {isa = PBXBuildFile; fileRef = F98B6A9314ED0CA4E5D2906B /* row01_idle.gif */; };
		995971EB706A8D046A29568C /* PetMacOSApp.swift in Sources */ = {isa = PBXBuildFile; fileRef = 93C60BE78DA76884545EF3CD /* PetMacOSApp.swift */; };
		9B857F28F3C5061439C36737 /* row07_sleeping.gif in Resources */ = {isa = PBXBuildFile; fileRef = E9EA210F5F58D661BB87B9AF /* row07_sleeping.gif */; };
		9E58269CF6806A7D1BD91931 /* PetView.swift in Sources */ = {isa = PBXBuildFile; fileRef = C6295BC37E9B655A219CE95D /* PetView.swift */; };
		A9E4767FF89E80977C1A99C3 /* Sparkle in Frameworks */ = {isa = PBXBuildFile; productRef = 9DF01D9569054E85E7FA8877 /* Sparkle */; };
		AAC9D795C18743ECBA05054E /* SessionNames.swift in Sources */ = {isa = PBXBuildFile; fileRef = E46A5EB32015467C559F4AC3 /* SessionNames.swift */; };
		AE8CE0045BF32634ADC4B460 /* PermissionDialogView.swift in Sources */ = {isa = PBXBuildFile; fileRef = DF2FA9BE7EC8FCDFD1459B95 /* PermissionDialogView.swift */; };
		B3F255B5CB973B7EFC0F0427 /* PetState.swift in Sources */ = {isa = PBXBuildFile; fileRef = 7A49E4A442ADFD5CD45C9582 /* PetState.swift */; };
		B997E9BA9EBD99022AA5314C /* Localizable.xcstrings in Resources */ = {isa = PBXBuildFile; fileRef = 138F5150AE1102DD27B7D5F1 /* Localizable.xcstrings */; };
		BC6ABBBDDF8016B801E40469 /* PetConfig.swift in Sources */ = {isa = PBXBuildFile; fileRef = EBF97BEB4B89A535444ADD4A /* PetConfig.swift */; };
		C77FC93FE0087A4565BB5C31 /* UsageMonitor.swift in Sources */ = {isa = PBXBuildFile; fileRef = E46998C00ABB596885D703B7 /* UsageMonitor.swift */; };
		C9C51F3B394693EBA05A10F1 /* QuestionDialogView.swift in Sources */ = {isa = PBXBuildFile; fileRef = 121562265EDE7612187515DD /* QuestionDialogView.swift */; };
		CA90B52494CD89F734EDA0F1 /* OnboardingWindowView.swift in Sources */ = {isa = PBXBuildFile; fileRef = CC212DAE89E96C0761547583 /* OnboardingWindowView.swift */; };
		F01D77A11D6910FDC02C79F7 /* SessionFocusMonitor.swift in Sources */ = {isa = PBXBuildFile; fileRef = FCA1AFCB42DE9A0A34ACA3CB /* SessionFocusMonitor.swift */; };
		F1B1646AF5E03013464B8F69 /* PetStore.swift in Sources */ = {isa = PBXBuildFile; fileRef = A10753CA32DC12C3E85FA958 /* PetStore.swift */; };
		F1F552A6F12C9172CCC7A439 /* SettingsWindowView.swift in Sources */ = {isa = PBXBuildFile; fileRef = 72959DA64EAE01980687BA1C /* SettingsWindowView.swift */; };
		FAC5DF96ED0EEBB59EFBA97B /* L10n.swift in Sources */ = {isa = PBXBuildFile; fileRef = 33CE15D8703CA77D630E924A /* L10n.swift */; };
/* End PBXBuildFile section */

/* Begin PBXFileReference section */
		121562265EDE7612187515DD /* QuestionDialogView.swift */ = {isa = PBXFileReference; lastKnownFileType = sourcecode.swift; path = QuestionDialogView.swift; sourceTree = "<group>"; };
		138F5150AE1102DD27B7D5F1 /* Localizable.xcstrings */ = {isa = PBXFileReference; lastKnownFileType = text.json.xcstrings; path = Localizable.xcstrings; sourceTree = "<group>"; };
		164AB034348168F4D3506854 /* row05_waving.gif */ = {isa = PBXFileReference; lastKnownFileType = image.gif; path = row05_waving.gif; sourceTree = "<group>"; };
		1A1856172CA59DCF33645C4E /* row09_celebrate.gif */ = {isa = PBXFileReference; lastKnownFileType = image.gif; path = row09_celebrate.gif; sourceTree = "<group>"; };
		203F06FCF428FFDCF7BA43F5 /* SessionStackView.swift */ = {isa = PBXFileReference; lastKnownFileType = sourcecode.swift; path = SessionStackView.swift; sourceTree = "<group>"; };
		21C4408F8BA234F15C7709DE /* ClaudeCodeAvailability.swift */ = {isa = PBXFileReference; lastKnownFileType = sourcecode.swift; path = ClaudeCodeAvailability.swift; sourceTree = "<group>"; };
		32008F7B35E7946ACD461B43 /* HookModels.swift */ = {isa = PBXFileReference; lastKnownFileType = sourcecode.swift; path = HookModels.swift; sourceTree = "<group>"; };
		33CE15D8703CA77D630E924A /* L10n.swift */ = {isa = PBXFileReference; lastKnownFileType = sourcecode.swift; path = L10n.swift; sourceTree = "<group>"; };
		4AC7C70FFBDE21B13A538FE6 /* HookInstaller.swift */ = {isa = PBXFileReference; lastKnownFileType = sourcecode.swift; path = HookInstaller.swift; sourceTree = "<group>"; };
		4D1CD144D41D371A0252D3E8 /* row06_confused.gif */ = {isa = PBXFileReference; lastKnownFileType = image.gif; path = row06_confused.gif; sourceTree = "<group>"; };
		64D29260A65C99A06B79D9EF /* row04_working_laptop.gif */ = {isa = PBXFileReference; lastKnownFileType = image.gif; path = row04_working_laptop.gif; sourceTree = "<group>"; };
		72959DA64EAE01980687BA1C /* SettingsWindowView.swift */ = {isa = PBXFileReference; lastKnownFileType = sourcecode.swift; path = SettingsWindowView.swift; sourceTree = "<group>"; };
		78DE56CC509FC11874D00027 /* SettingsStore.swift */ = {isa = PBXFileReference; lastKnownFileType = sourcecode.swift; path = SettingsStore.swift; sourceTree = "<group>"; };
		7A49E4A442ADFD5CD45C9582 /* PetState.swift */ = {isa = PBXFileReference; lastKnownFileType = sourcecode.swift; path = PetState.swift; sourceTree = "<group>"; };
		7E05EFDC4F0AA4E05A0B2EAD /* UsageBadgeView.swift */ = {isa = PBXFileReference; lastKnownFileType = sourcecode.swift; path = UsageBadgeView.swift; sourceTree = "<group>"; };
		858DA8F5C11CE0227206055E /* AnimatedSpriteView.swift */ = {isa = PBXFileReference; lastKnownFileType = sourcecode.swift; path = AnimatedSpriteView.swift; sourceTree = "<group>"; };
		93C60BE78DA76884545EF3CD /* PetMacOSApp.swift */ = {isa = PBXFileReference; lastKnownFileType = sourcecode.swift; path = PetMacOSApp.swift; sourceTree = "<group>"; };
		A10753CA32DC12C3E85FA958 /* PetStore.swift */ = {isa = PBXFileReference; lastKnownFileType = sourcecode.swift; path = PetStore.swift; sourceTree = "<group>"; };
		B12CA287C7CACA340ABD108C /* SpriteImporter.swift */ = {isa = PBXFileReference; lastKnownFileType = sourcecode.swift; path = SpriteImporter.swift; sourceTree = "<group>"; };
		BB2C111BEDAB542565E5AD27 /* SpriteLibrary.swift */ = {isa = PBXFileReference; lastKnownFileType = sourcecode.swift; path = SpriteLibrary.swift; sourceTree = "<group>"; };
		BD482F2A6FE5B98CD7B096DE /* PetMacOS.app */ = {isa = PBXFileReference; explicitFileType = wrapper.application; includeInIndex = 0; path = PetMacOS.app; sourceTree = BUILT_PRODUCTS_DIR; };
		C6295BC37E9B655A219CE95D /* PetView.swift */ = {isa = PBXFileReference; lastKnownFileType = sourcecode.swift; path = PetView.swift; sourceTree = "<group>"; };
		C8D162AD016C6CF991997B8C /* row03_thinking.gif */ = {isa = PBXFileReference; lastKnownFileType = image.gif; path = row03_thinking.gif; sourceTree = "<group>"; };
		CC212DAE89E96C0761547583 /* OnboardingWindowView.swift */ = {isa = PBXFileReference; lastKnownFileType = sourcecode.swift; path = OnboardingWindowView.swift; sourceTree = "<group>"; };
		D820094C6D3161FB739F8AA1 /* row08_upset.gif */ = {isa = PBXFileReference; lastKnownFileType = image.gif; path = row08_upset.gif; sourceTree = "<group>"; };
		DF2FA9BE7EC8FCDFD1459B95 /* PermissionDialogView.swift */ = {isa = PBXFileReference; lastKnownFileType = sourcecode.swift; path = PermissionDialogView.swift; sourceTree = "<group>"; };
		E46998C00ABB596885D703B7 /* UsageMonitor.swift */ = {isa = PBXFileReference; lastKnownFileType = sourcecode.swift; path = UsageMonitor.swift; sourceTree = "<group>"; };
		E46A5EB32015467C559F4AC3 /* SessionNames.swift */ = {isa = PBXFileReference; lastKnownFileType = sourcecode.swift; path = SessionNames.swift; sourceTree = "<group>"; };
		E9EA210F5F58D661BB87B9AF /* row07_sleeping.gif */ = {isa = PBXFileReference; lastKnownFileType = image.gif; path = row07_sleeping.gif; sourceTree = "<group>"; };
		EBF97BEB4B89A535444ADD4A /* PetConfig.swift */ = {isa = PBXFileReference; lastKnownFileType = sourcecode.swift; path = PetConfig.swift; sourceTree = "<group>"; };
		F00DFE8DF50364DE0240C86F /* HookServer.swift */ = {isa = PBXFileReference; lastKnownFileType = sourcecode.swift; path = HookServer.swift; sourceTree = "<group>"; };
		F83020535917ED3CD4C35874 /* Assets.xcassets */ = {isa = PBXFileReference; lastKnownFileType = folder.assetcatalog; path = Assets.xcassets; sourceTree = "<group>"; };
		F98B6A9314ED0CA4E5D2906B /* row01_idle.gif */ = {isa = PBXFileReference; lastKnownFileType = image.gif; path = row01_idle.gif; sourceTree = "<group>"; };
		FCA1AFCB42DE9A0A34ACA3CB /* SessionFocusMonitor.swift */ = {isa = PBXFileReference; lastKnownFileType = sourcecode.swift; path = SessionFocusMonitor.swift; sourceTree = "<group>"; };
		FEBC9D848881BAAD98BBADE0 /* row02_excited.gif */ = {isa = PBXFileReference; lastKnownFileType = image.gif; path = row02_excited.gif; sourceTree = "<group>"; };
/* End PBXFileReference section */

/* Begin PBXFrameworksBuildPhase section */
		C5833C7DE3D481BF0BC8AE89 /* Frameworks */ = {
			isa = PBXFrameworksBuildPhase;
			buildActionMask = 2147483647;
			files = (
				A9E4767FF89E80977C1A99C3 /* Sparkle in Frameworks */,
			);
			runOnlyForDeploymentPostprocessing = 0;
		};
/* End PBXFrameworksBuildPhase section */

/* Begin PBXGroup section */
		2AD5AD954394A47B008E8B62 /* Sprites */ = {
			isa = PBXGroup;
			children = (
				A10753CA32DC12C3E85FA958 /* PetStore.swift */,
				B12CA287C7CACA340ABD108C /* SpriteImporter.swift */,
				BB2C111BEDAB542565E5AD27 /* SpriteLibrary.swift */,
			);
			path = Sprites;
			sourceTree = "<group>";
		};
		4756521A0DCCC4E29BF9949C /* Install */ = {
			isa = PBXGroup;
			children = (
				4AC7C70FFBDE21B13A538FE6 /* HookInstaller.swift */,
			);
			path = Install;
			sourceTree = "<group>";
		};
		50553F73690BD2BA508734AC /* Views */ = {
			isa = PBXGroup;
			children = (
				858DA8F5C11CE0227206055E /* AnimatedSpriteView.swift */,
				CC212DAE89E96C0761547583 /* OnboardingWindowView.swift */,
				DF2FA9BE7EC8FCDFD1459B95 /* PermissionDialogView.swift */,
				121562265EDE7612187515DD /* QuestionDialogView.swift */,
				203F06FCF428FFDCF7BA43F5 /* SessionStackView.swift */,
				72959DA64EAE01980687BA1C /* SettingsWindowView.swift */,
				7E05EFDC4F0AA4E05A0B2EAD /* UsageBadgeView.swift */,
			);
			path = Views;
			sourceTree = "<group>";
		};
		59DD222D736A3B7BCA601D8F /* PetMacOS */ = {
			isa = PBXGroup;
			children = (
				33CE15D8703CA77D630E924A /* L10n.swift */,
				138F5150AE1102DD27B7D5F1 /* Localizable.xcstrings */,
				93C60BE78DA76884545EF3CD /* PetMacOSApp.swift */,
				C6295BC37E9B655A219CE95D /* PetView.swift */,
				94F6714E82DCCC297267DB5A /* BundledPets */,
				60DBE02103BE5B9DEE670B5C /* Hooks */,
				4756521A0DCCC4E29BF9949C /* Install */,
				DD860E2F098D2F09F110AB1B /* Onboarding */,
				B005A15F5E555D278AB9C085 /* Resources */,
				2AD5AD954394A47B008E8B62 /* Sprites */,
				932F9248A5EB563281B49789 /* State */,
				50553F73690BD2BA508734AC /* Views */,
			);
			name = PetMacOS;
			path = Sources/PetMacOS;
			sourceTree = "<group>";
		};
		60DBE02103BE5B9DEE670B5C /* Hooks */ = {
			isa = PBXGroup;
			children = (
				32008F7B35E7946ACD461B43 /* HookModels.swift */,
				F00DFE8DF50364DE0240C86F /* HookServer.swift */,
				EBF97BEB4B89A535444ADD4A /* PetConfig.swift */,
			);
			path = Hooks;
			sourceTree = "<group>";
		};
		81291BD9D5096951F5A3326D = {
			isa = PBXGroup;
			children = (
				59DD222D736A3B7BCA601D8F /* PetMacOS */,
				D2ABD055CCD03283D0A941A9 /* Products */,
			);
			sourceTree = "<group>";
		};
		932F9248A5EB563281B49789 /* State */ = {
			isa = PBXGroup;
			children = (
				7A49E4A442ADFD5CD45C9582 /* PetState.swift */,
				FCA1AFCB42DE9A0A34ACA3CB /* SessionFocusMonitor.swift */,
				E46A5EB32015467C559F4AC3 /* SessionNames.swift */,
				78DE56CC509FC11874D00027 /* SettingsStore.swift */,
				E46998C00ABB596885D703B7 /* UsageMonitor.swift */,
			);
			path = State;
			sourceTree = "<group>";
		};
		94F6714E82DCCC297267DB5A /* BundledPets */ = {
			isa = PBXGroup;
			children = (
				F98B6A9314ED0CA4E5D2906B /* row01_idle.gif */,
				FEBC9D848881BAAD98BBADE0 /* row02_excited.gif */,
				C8D162AD016C6CF991997B8C /* row03_thinking.gif */,
				64D29260A65C99A06B79D9EF /* row04_working_laptop.gif */,
				164AB034348168F4D3506854 /* row05_waving.gif */,
				4D1CD144D41D371A0252D3E8 /* row06_confused.gif */,
				E9EA210F5F58D661BB87B9AF /* row07_sleeping.gif */,
				D820094C6D3161FB739F8AA1 /* row08_upset.gif */,
				1A1856172CA59DCF33645C4E /* row09_celebrate.gif */,
			);
			path = BundledPets;
			sourceTree = "<group>";
		};
		B005A15F5E555D278AB9C085 /* Resources */ = {
			isa = PBXGroup;
			children = (
				F83020535917ED3CD4C35874 /* Assets.xcassets */,
			);
			path = Resources;
			sourceTree = "<group>";
		};
		D2ABD055CCD03283D0A941A9 /* Products */ = {
			isa = PBXGroup;
			children = (
				BD482F2A6FE5B98CD7B096DE /* PetMacOS.app */,
			);
			name = Products;
			sourceTree = "<group>";
		};
		DD860E2F098D2F09F110AB1B /* Onboarding */ = {
			isa = PBXGroup;
			children = (
				21C4408F8BA234F15C7709DE /* ClaudeCodeAvailability.swift */,
			);
			path = Onboarding;
			sourceTree = "<group>";
		};
/* End PBXGroup section */

/* Begin PBXNativeTarget section */
		56030E08A2872C68F902BB27 /* PetMacOS */ = {
			isa = PBXNativeTarget;
			buildConfigurationList = 95C0163E9608698CDD8C3964 /* Build configuration list for PBXNativeTarget "PetMacOS" */;
			buildPhases = (
				AF764BEC39E891952C51A960 /* Sources */,
				B2B0BE7522204E68E92BF4E3 /* Resources */,
				C5833C7DE3D481BF0BC8AE89 /* Frameworks */,
			);
			buildRules = (
			);
			dependencies = (
			);
			name = PetMacOS;
			packageProductDependencies = (
				9DF01D9569054E85E7FA8877 /* Sparkle */,
			);
			productName = PetMacOS;
			productReference = BD482F2A6FE5B98CD7B096DE /* PetMacOS.app */;
			productType = "com.apple.product-type.application";
		};
/* End PBXNativeTarget section */

/* Begin PBXProject section */
		ABDF8C2B893D12F01DF93439 /* Project object */ = {
			isa = PBXProject;
			attributes = {
				BuildIndependentTargetsInParallel = YES;
				LastUpgradeCheck = 1430;
				TargetAttributes = {
					56030E08A2872C68F902BB27 = {
						ProvisioningStyle = Automatic;
					};
				};
			};
			buildConfigurationList = 45AB284CC2B19F2CE5D817EE /* Build configuration list for PBXProject "PetMacOS" */;
			developmentRegion = en;
			hasScannedForEncodings = 0;
			knownRegions = (
				Base,
				en,
				vi,
			);
			mainGroup = 81291BD9D5096951F5A3326D;
			minimizedProjectReferenceProxies = 1;
			packageReferences = (
				5315A293B593C79D5E4E7BEF /* XCRemoteSwiftPackageReference "Sparkle" */,
			);
			preferredProjectObjectVersion = 77;
			productRefGroup = D2ABD055CCD03283D0A941A9 /* Products */;
			projectDirPath = "";
			projectRoot = "";
			targets = (
				56030E08A2872C68F902BB27 /* PetMacOS */,
			);
		};
/* End PBXProject section */

/* Begin PBXResourcesBuildPhase section */
		B2B0BE7522204E68E92BF4E3 /* Resources */ = {
			isa = PBXResourcesBuildPhase;
			buildActionMask = 2147483647;
			files = (
				16910DCDF23C4D0B37308E0F /* Assets.xcassets in Resources */,
				B997E9BA9EBD99022AA5314C /* Localizable.xcstrings in Resources */,
				989A1136B8EFC4D73E79D66B /* row01_idle.gif in Resources */,
				44FF783EA8DF34F30132ADA9 /* row02_excited.gif in Resources */,
				69EA1544436FDDD492C59D61 /* row03_thinking.gif in Resources */,
				1F5CB0110DB520925CBD6CAE /* row04_working_laptop.gif in Resources */,
				7108E4C34372617FD341352C /* row05_waving.gif in Resources */,
				36B3296733EAFE8F5A0933A9 /* row06_confused.gif in Resources */,
				9B857F28F3C5061439C36737 /* row07_sleeping.gif in Resources */,
				58196C45A95107617A11A251 /* row08_upset.gif in Resources */,
				86ED6FA16EBF7BA43E8310B4 /* row09_celebrate.gif in Resources */,
			);
			runOnlyForDeploymentPostprocessing = 0;
		};
/* End PBXResourcesBuildPhase section */

/* Begin PBXSourcesBuildPhase section */
		AF764BEC39E891952C51A960 /* Sources */ = {
			isa = PBXSourcesBuildPhase;
			buildActionMask = 2147483647;
			files = (
				2CAB282A633F8B582CC24492 /* AnimatedSpriteView.swift in Sources */,
				0DC9F1D0615DCC29AAFDA479 /* ClaudeCodeAvailability.swift in Sources */,
				2C91FA4B3550C3F78A292FB3 /* HookInstaller.swift in Sources */,
				1469F41B1496F30B4B708EB1 /* HookModels.swift in Sources */,
				2372A6BD8883A2AB5273DC3D /* HookServer.swift in Sources */,
				FAC5DF96ED0EEBB59EFBA97B /* L10n.swift in Sources */,
				CA90B52494CD89F734EDA0F1 /* OnboardingWindowView.swift in Sources */,
				AE8CE0045BF32634ADC4B460 /* PermissionDialogView.swift in Sources */,
				BC6ABBBDDF8016B801E40469 /* PetConfig.swift in Sources */,
				995971EB706A8D046A29568C /* PetMacOSApp.swift in Sources */,
				B3F255B5CB973B7EFC0F0427 /* PetState.swift in Sources */,
				F1B1646AF5E03013464B8F69 /* PetStore.swift in Sources */,
				9E58269CF6806A7D1BD91931 /* PetView.swift in Sources */,
				C9C51F3B394693EBA05A10F1 /* QuestionDialogView.swift in Sources */,
				F01D77A11D6910FDC02C79F7 /* SessionFocusMonitor.swift in Sources */,
				AAC9D795C18743ECBA05054E /* SessionNames.swift in Sources */,
				37D6B34FC82BA53F0FB275EF /* SessionStackView.swift in Sources */,
				878D45CB1BEE5C47BFF217E7 /* SettingsStore.swift in Sources */,
				F1F552A6F12C9172CCC7A439 /* SettingsWindowView.swift in Sources */,
				96BD0AFAE5CFE22F2FC52C10 /* SpriteImporter.swift in Sources */,
				8B07B8FC48E4B89B08D3BDAE /* SpriteLibrary.swift in Sources */,
				3DAAA6B3ADB73BD114AC22A9 /* UsageBadgeView.swift in Sources */,
				C77FC93FE0087A4565BB5C31 /* UsageMonitor.swift in Sources */,
			);
			runOnlyForDeploymentPostprocessing = 0;
		};
/* End PBXSourcesBuildPhase section */

/* Begin XCBuildConfiguration section */
		2B00DC2805A6D9F982EC2FB5 /* Debug */ = {
			isa = XCBuildConfiguration;
			buildSettings = {
				ALWAYS_SEARCH_USER_PATHS = NO;
				CLANG_ANALYZER_NONNULL = YES;
				CLANG_ANALYZER_NUMBER_OBJECT_CONVERSION = YES_AGGRESSIVE;
				CLANG_CXX_LANGUAGE_STANDARD = "gnu++14";
				CLANG_CXX_LIBRARY = "libc++";
				CLANG_ENABLE_MODULES = YES;
				CLANG_ENABLE_OBJC_ARC = YES;
				CLANG_ENABLE_OBJC_WEAK = YES;
				CLANG_WARN_BLOCK_CAPTURE_AUTORELEASING = YES;
				CLANG_WARN_BOOL_CONVERSION = YES;
				CLANG_WARN_COMMA = YES;
				CLANG_WARN_CONSTANT_CONVERSION = YES;
				CLANG_WARN_DEPRECATED_OBJC_IMPLEMENTATIONS = YES;
				CLANG_WARN_DIRECT_OBJC_ISA_USAGE = YES_ERROR;
				CLANG_WARN_DOCUMENTATION_COMMENTS = YES;
				CLANG_WARN_EMPTY_BODY = YES;
				CLANG_WARN_ENUM_CONVERSION = YES;
				CLANG_WARN_INFINITE_RECURSION = YES;
				CLANG_WARN_INT_CONVERSION = YES;
				CLANG_WARN_NON_LITERAL_NULL_CONVERSION = YES;
				CLANG_WARN_OBJC_IMPLICIT_RETAIN_SELF = YES;
				CLANG_WARN_OBJC_LITERAL_CONVERSION = YES;
				CLANG_WARN_OBJC_ROOT_CLASS = YES_ERROR;
				CLANG_WARN_QUOTED_INCLUDE_IN_FRAMEWORK_HEADER = YES;
				CLANG_WARN_RANGE_LOOP_ANALYSIS = YES;
				CLANG_WARN_STRICT_PROTOTYPES = YES;
				CLANG_WARN_SUSPICIOUS_MOVE = YES;
				CLANG_WARN_UNGUARDED_AVAILABILITY = YES_AGGRESSIVE;
				CLANG_WARN_UNREACHABLE_CODE = YES;
				CLANG_WARN__DUPLICATE_METHOD_MATCH = YES;
				COPY_PHASE_STRIP = NO;
				DEBUG_INFORMATION_FORMAT = dwarf;
				ENABLE_STRICT_OBJC_MSGSEND = YES;
				ENABLE_TESTABILITY = YES;
				GCC_C_LANGUAGE_STANDARD = gnu11;
				GCC_DYNAMIC_NO_PIC = NO;
				GCC_NO_COMMON_BLOCKS = YES;
				GCC_OPTIMIZATION_LEVEL = 0;
				GCC_PREPROCESSOR_DEFINITIONS = (
					"$(inherited)",
					"DEBUG=1",
				);
				GCC_WARN_64_TO_32_BIT_CONVERSION = YES;
				GCC_WARN_ABOUT_RETURN_TYPE = YES_ERROR;
				GCC_WARN_UNDECLARED_SELECTOR = YES;
				GCC_WARN_UNINITIALIZED_AUTOS = YES_AGGRESSIVE;
				GCC_WARN_UNUSED_FUNCTION = YES;
				GCC_WARN_UNUSED_VARIABLE = YES;
				MACOSX_DEPLOYMENT_TARGET = 14.0;
				MTL_ENABLE_DEBUG_INFO = INCLUDE_SOURCE;
				MTL_FAST_MATH = YES;
				ONLY_ACTIVE_ARCH = YES;
				PRODUCT_NAME = "$(TARGET_NAME)";
				SDKROOT = macosx;
				SWIFT_ACTIVE_COMPILATION_CONDITIONS = DEBUG;
				SWIFT_OPTIMIZATION_LEVEL = "-Onone";
				SWIFT_VERSION = 6.0;
			};
			name = Debug;
		};
		9AA19F7EA4798BBC72CDEC51 /* Debug */ = {
			isa = XCBuildConfiguration;
			buildSettings = {
				ASSETCATALOG_COMPILER_APPICON_NAME = AppIcon;
				CODE_SIGN_STYLE = Automatic;
				COMBINE_HIDPI_IMAGES = YES;
				ENABLE_HARDENED_RUNTIME = YES;
				INFOPLIST_FILE = Support/Info.plist;
				LD_RUNPATH_SEARCH_PATHS = (
					"$(inherited)",
					"@executable_path/../Frameworks",
				);
				MARKETING_VERSION = 1.5.0;
				PRODUCT_BUNDLE_IDENTIFIER = com.desktoppet.PetMacOS;
				PRODUCT_NAME = PetMacOS;
				SDKROOT = macosx;
				SWIFT_STRICT_CONCURRENCY = complete;
			};
			name = Debug;
		};
		D01B57DFFB1FCBA02074F2E6 /* Release */ = {
			isa = XCBuildConfiguration;
			buildSettings = {
				ASSETCATALOG_COMPILER_APPICON_NAME = AppIcon;
				CODE_SIGN_STYLE = Automatic;
				COMBINE_HIDPI_IMAGES = YES;
				ENABLE_HARDENED_RUNTIME = YES;
				INFOPLIST_FILE = Support/Info.plist;
				LD_RUNPATH_SEARCH_PATHS = (
					"$(inherited)",
					"@executable_path/../Frameworks",
				);
				MARKETING_VERSION = 1.5.0;
				PRODUCT_BUNDLE_IDENTIFIER = com.desktoppet.PetMacOS;
				PRODUCT_NAME = PetMacOS;
				SDKROOT = macosx;
				SWIFT_STRICT_CONCURRENCY = complete;
			};
			name = Release;
		};
		FA564D06E147D69AA0DB2F83 /* Release */ = {
			isa = XCBuildConfiguration;
			buildSettings = {
				ALWAYS_SEARCH_USER_PATHS = NO;
				CLANG_ANALYZER_NONNULL = YES;
				CLANG_ANALYZER_NUMBER_OBJECT_CONVERSION = YES_AGGRESSIVE;
				CLANG_CXX_LANGUAGE_STANDARD = "gnu++14";
				CLANG_CXX_LIBRARY = "libc++";
				CLANG_ENABLE_MODULES = YES;
				CLANG_ENABLE_OBJC_ARC = YES;
				CLANG_ENABLE_OBJC_WEAK = YES;
				CLANG_WARN_BLOCK_CAPTURE_AUTORELEASING = YES;
				CLANG_WARN_BOOL_CONVERSION = YES;
				CLANG_WARN_COMMA = YES;
				CLANG_WARN_CONSTANT_CONVERSION = YES;
				CLANG_WARN_DEPRECATED_OBJC_IMPLEMENTATIONS = YES;
				CLANG_WARN_DIRECT_OBJC_ISA_USAGE = YES_ERROR;
				CLANG_WARN_DOCUMENTATION_COMMENTS = YES;
				CLANG_WARN_EMPTY_BODY = YES;
				CLANG_WARN_ENUM_CONVERSION = YES;
				CLANG_WARN_INFINITE_RECURSION = YES;
				CLANG_WARN_INT_CONVERSION = YES;
				CLANG_WARN_NON_LITERAL_NULL_CONVERSION = YES;
				CLANG_WARN_OBJC_IMPLICIT_RETAIN_SELF = YES;
				CLANG_WARN_OBJC_LITERAL_CONVERSION = YES;
				CLANG_WARN_OBJC_ROOT_CLASS = YES_ERROR;
				CLANG_WARN_QUOTED_INCLUDE_IN_FRAMEWORK_HEADER = YES;
				CLANG_WARN_RANGE_LOOP_ANALYSIS = YES;
				CLANG_WARN_STRICT_PROTOTYPES = YES;
				CLANG_WARN_SUSPICIOUS_MOVE = YES;
				CLANG_WARN_UNGUARDED_AVAILABILITY = YES_AGGRESSIVE;
				CLANG_WARN_UNREACHABLE_CODE = YES;
				CLANG_WARN__DUPLICATE_METHOD_MATCH = YES;
				COPY_PHASE_STRIP = NO;
				DEBUG_INFORMATION_FORMAT = "dwarf-with-dsym";
				ENABLE_NS_ASSERTIONS = NO;
				ENABLE_STRICT_OBJC_MSGSEND = YES;
				GCC_C_LANGUAGE_STANDARD = gnu11;
				GCC_NO_COMMON_BLOCKS = YES;
				GCC_WARN_64_TO_32_BIT_CONVERSION = YES;
				GCC_WARN_ABOUT_RETURN_TYPE = YES_ERROR;
				GCC_WARN_UNDECLARED_SELECTOR = YES;
				GCC_WARN_UNINITIALIZED_AUTOS = YES_AGGRESSIVE;
				GCC_WARN_UNUSED_FUNCTION = YES;
				GCC_WARN_UNUSED_VARIABLE = YES;
				MACOSX_DEPLOYMENT_TARGET = 14.0;
				MTL_ENABLE_DEBUG_INFO = NO;
				MTL_FAST_MATH = YES;
				PRODUCT_NAME = "$(TARGET_NAME)";
				SDKROOT = macosx;
				SWIFT_COMPILATION_MODE = wholemodule;
				SWIFT_OPTIMIZATION_LEVEL = "-O";
				SWIFT_VERSION = 6.0;
			};
			name = Release;
		};
/* End XCBuildConfiguration section */

/* Begin XCConfigurationList section */
		45AB284CC2B19F2CE5D817EE /* Build configuration list for PBXProject "PetMacOS" */ = {
			isa = XCConfigurationList;
			buildConfigurations = (
				2B00DC2805A6D9F982EC2FB5 /* Debug */,
				FA564D06E147D69AA0DB2F83 /* Release */,
			);
			defaultConfigurationIsVisible = 0;
			defaultConfigurationName = Debug;
		};
		95C0163E9608698CDD8C3964 /* Build configuration list for PBXNativeTarget "PetMacOS" */ = {
			isa = XCConfigurationList;
			buildConfigurations = (
				9AA19F7EA4798BBC72CDEC51 /* Debug */,
				D01B57DFFB1FCBA02074F2E6 /* Release */,
			);
			defaultConfigurationIsVisible = 0;
			defaultConfigurationName = Debug;
		};
/* End XCConfigurationList section */

/* Begin XCRemoteSwiftPackageReference section */
		5315A293B593C79D5E4E7BEF /* XCRemoteSwiftPackageReference "Sparkle" */ = {
			isa = XCRemoteSwiftPackageReference;
			repositoryURL = "https://github.com/sparkle-project/Sparkle";
			requirement = {
				kind = upToNextMajorVersion;
				minimumVersion = 2.6.0;
			};
		};
/* End XCRemoteSwiftPackageReference section */

/* Begin XCSwiftPackageProductDependency section */
		9DF01D9569054E85E7FA8877 /* Sparkle */ = {
			isa = XCSwiftPackageProductDependency;
			package = 5315A293B593C79D5E4E7BEF /* XCRemoteSwiftPackageReference "Sparkle" */;
			productName = Sparkle;
		};
/* End XCSwiftPackageProductDependency section */
	};
	rootObject = ABDF8C2B893D12F01DF93439 /* Project object */;
}
